
Microsoft Visual Studio Solution File, Format Version 12.00
# Visual Studio Version 16
VisualStudioVersion = 16.0.31605.320
MinimumVisualStudioVersion = 10.0.40219.1
Project("{FAE04EC0-301F-11D3-BF4B-00C04F79EFBC}") = "pSitioWEB_Prog", "pSitioWEB_Prog.csproj", "{51CA9831-48CC-4E5E-86E1-3826F4138696}"
EndProject
Global
	GlobalSection(SolutionConfigurationPlatforms) = preSolution
		Debug|Any CPU = Debug|Any CPU
		Release|Any CPU = Release|Any CPU
	EndGlobalSection
	GlobalSection(ProjectConfigurationPlatforms) = postSolution
		{51CA9831-48CC-4E5E-86E1-3826F4138696}.Debug|Any CPU.ActiveCfg = Debug|Any CPU
		{51CA9831-48CC-4E5E-86E1-3826F4138696}.Debug|Any CPU.Build.0 = Debug|Any CPU
		{51CA9831-48CC-4E5E-86E1-3826F4138696}.Release|Any CPU.ActiveCfg = Release|Any CPU
		{51CA9831-48CC-4E5E-86E1-3826F4138696}.Release|Any CPU.Build.0 = Release|Any CPU
	EndGlobalSection
	GlobalSection(SolutionProperties) = preSolution
		HideSolutionNode = FALSE
	EndGlobalSection
	GlobalSection(ExtensibilityGlobals) = postSolution
		SolutionGuid = {753D09E5-AC11-4E55-89B3-DC9582E7DE1D}
	EndGlobalSection
EndGlobal
